<?xml version="1.0" encoding="utf-8"?>
<Project ToolsVersion="4.0" xmlns="http://schemas.microsoft.com/developer/msbuild/2003">
  <ItemGroup>
    <Filter Include="contrib">
      <UniqueIdentifier>{708d9139-3a8f-4901-b435-5f4f5e822df5}</UniqueIdentifier>
    </Filter>
    <Filter Include="contrib\imgui">
      <UniqueIdentifier>{76128ba1-b44d-43e5-9072-b93e07c31249}</UniqueIdentifier>
    </Filter>
    <Filter Include="contrib\D3D12MemoryAllocator">
      <UniqueIdentifier>{682f7815-f279-443d-af21-e33b25c5fae3}</UniqueIdentifier>
    </Filter>
    <Filter Include="private">
      <UniqueIdentifier>{ea11ed54-6694-4822-99fd-343438659c52}</UniqueIdentifier>
    </Filter>
    <Filter Include="public">
      <UniqueIdentifier>{54a06e81-5695-4c58-94cc-fe3603f74203}</UniqueIdentifier>
    </Filter>
    <Filter Include="shaders">
      <UniqueIdentifier>{382f1549-d3f8-40b5-a0af-4a624b8f0438}</UniqueIdentifier>
    </Filter>
    <Filter Include="shaders\Includes">
      <UniqueIdentifier>{2ce7fb95-4ecf-48fa-8d43-faa2ae1ab0c1}</UniqueIdentifier>
    </Filter>
    <Filter Include="contrib\im3d">
      <UniqueIdentifier>{6a032854-d4e3-4e9a-8a4c-e89a69e9866e}</UniqueIdentifier>
    </Filter>
    <Filter Include="contrib\nv_helpers_dx12">
      <UniqueIdentifier>{cc7d3886-bac3-4ec3-b22e-069a27f07a2b}</UniqueIdentifier>
    </Filter>
  </ItemGroup>
  <ItemGroup>
    <ClInclude Include="private\rt64_device.h">
      <Filter>private</Filter>
    </ClInclude>
    <ClInclude Include="private\rt64_instance.h">
      <Filter>private</Filter>
    </ClInclude>
    <ClInclude Include="private\rt64_scene.h">
      <Filter>private</Filter>
    </ClInclude>
    <ClInclude Include="private\rt64_texture.h">
      <Filter>private</Filter>
    </ClInclude>
    <ClInclude Include="private\rt64_common.h">
      <Filter>private</Filter>
    </ClInclude>
    <ClInclude Include="private\rt64_view.h">
      <Filter>private</Filter>
    </ClInclude>
    <ClInclude Include="public\rt64.h">
      <Filter>public</Filter>
    </ClInclude>
    <ClInclude Include="private\rt64_mesh.h">
      <Filter>private</Filter>
    </ClInclude>
    <ClInclude Include="private\rt64_inspector.h">
      <Filter>private</Filter>
    </ClInclude>
    <ClInclude Include="contrib\D3D12MemoryAllocator\D3D12MemAlloc.h">
      <Filter>contrib\D3D12MemoryAllocator</Filter>
    </ClInclude>
    <ClInclude Include="contrib\im3d\im3d.h">
      <Filter>contrib\im3d</Filter>
    </ClInclude>
    <ClInclude Include="contrib\im3d\im3d_config.h">
      <Filter>contrib\im3d</Filter>
    </ClInclude>
    <ClInclude Include="contrib\im3d\im3d_math.h">
      <Filter>contrib\im3d</Filter>
    </ClInclude>
    <ClInclude Include="contrib\d3dx12.h">
      <Filter>contrib</Filter>
    </ClInclude>
    <ClInclude Include="contrib\imgui\imstb_truetype.h">
      <Filter>contrib\imgui</Filter>
    </ClInclude>
    <ClInclude Include="contrib\imgui\imgui.h">
      <Filter>contrib\imgui</Filter>
    </ClInclude>
    <ClInclude Include="contrib\imgui\imgui_impl_dx12.h">
      <Filter>contrib\imgui</Filter>
    </ClInclude>
    <ClInclude Include="contrib\imgui\imgui_impl_win32.h">
      <Filter>contrib\imgui</Filter>
    </ClInclude>
    <ClInclude Include="contrib\imgui\imgui_internal.h">
      <Filter>contrib\imgui</Filter>
    </ClInclude>
    <ClInclude Include="contrib\imgui\imstb_rectpack.h">
      <Filter>contrib\imgui</Filter>
    </ClInclude>
    <ClInclude Include="contrib\imgui\imstb_textedit.h">
      <Filter>contrib\imgui</Filter>
    </ClInclude>
    <ClInclude Include="contrib\imgui\imconfig.h">
      <Filter>contrib\imgui</Filter>
    </ClInclude>
    <ClInclude Include="contrib\nv_helpers_dx12\BottomLevelASGenerator.h">
      <Filter>contrib\nv_helpers_dx12</Filter>
    </ClInclude>
    <ClInclude Include="contrib\nv_helpers_dx12\RaytracingPipelineGenerator.h">
      <Filter>contrib\nv_helpers_dx12</Filter>
    </ClInclude>
    <ClInclude Include="contrib\nv_helpers_dx12\RootSignatureGenerator.h">
      <Filter>contrib\nv_helpers_dx12</Filter>
    </ClInclude>
    <ClInclude Include="contrib\nv_helpers_dx12\ShaderBindingTableGenerator.h">
      <Filter>contrib\nv_helpers_dx12</Filter>
    </ClInclude>
    <ClInclude Include="contrib\nv_helpers_dx12\TopLevelASGenerator.h">
      <Filter>contrib\nv_helpers_dx12</Filter>
    </ClInclude>
    <ClInclude Include="private\rt64_denoiser.h">
      <Filter>private</Filter>
    </ClInclude>
    <ClInclude Include="private\rt64_shader.h">
      <Filter>private</Filter>
    </ClInclude>
    <ClInclude Include="private\rt64_shader_hlsli.h">
      <Filter>private</Filter>
    </ClInclude>
  </ItemGroup>
  <ItemGroup>
    <ClCompile Include="private\rt64_device.cpp">
      <Filter>private</Filter>
    </ClCompile>
    <ClCompile Include="private\rt64_instance.cpp">
      <Filter>private</Filter>
    </ClCompile>
    <ClCompile Include="private\rt64_scene.cpp">
      <Filter>private</Filter>
    </ClCompile>
    <ClCompile Include="private\rt64_texture.cpp">
      <Filter>private</Filter>
    </ClCompile>
    <ClCompile Include="private\rt64_common.cpp">
      <Filter>private</Filter>
    </ClCompile>
    <ClCompile Include="private\rt64_view.cpp">
      <Filter>private</Filter>
    </ClCompile>
    <ClCompile Include="private\rt64_mesh.cpp">
      <Filter>private</Filter>
    </ClCompile>
    <ClCompile Include="private\rt64_inspector.cpp">
      <Filter>private</Filter>
    </ClCompile>
    <ClCompile Include="contrib\D3D12MemoryAllocator\D3D12MemAlloc.cpp">
      <Filter>contrib\D3D12MemoryAllocator</Filter>
    </ClCompile>
    <ClCompile Include="contrib\im3d\im3d.cpp">
      <Filter>contrib\im3d</Filter>
    </ClCompile>
    <ClCompile Include="contrib\imgui\imgui.cpp">
      <Filter>contrib\imgui</Filter>
    </ClCompile>
    <ClCompile Include="contrib\imgui\imgui_demo.cpp">
      <Filter>contrib\imgui</Filter>
    </ClCompile>
    <ClCompile Include="contrib\imgui\imgui_draw.cpp">
      <Filter>contrib\imgui</Filter>
    </ClCompile>
    <ClCompile Include="contrib\imgui\imgui_impl_dx12.cpp">
      <Filter>contrib\imgui</Filter>
    </ClCompile>
    <ClCompile Include="contrib\imgui\imgui_impl_win32.cpp">
      <Filter>contrib\imgui</Filter>
    </ClCompile>
    <ClCompile Include="contrib\imgui\imgui_widgets.cpp">
      <Filter>contrib\imgui</Filter>
    </ClCompile>
    <ClCompile Include="contrib\nv_helpers_dx12\BottomLevelASGenerator.cpp">
      <Filter>contrib\nv_helpers_dx12</Filter>
    </ClCompile>
    <ClCompile Include="contrib\nv_helpers_dx12\RaytracingPipelineGenerator.cpp">
      <Filter>contrib\nv_helpers_dx12</Filter>
    </ClCompile>
    <ClCompile Include="contrib\nv_helpers_dx12\RootSignatureGenerator.cpp">
      <Filter>contrib\nv_helpers_dx12</Filter>
    </ClCompile>
    <ClCompile Include="contrib\nv_helpers_dx12\ShaderBindingTableGenerator.cpp">
      <Filter>contrib\nv_helpers_dx12</Filter>
    </ClCompile>
    <ClCompile Include="contrib\nv_helpers_dx12\TopLevelASGenerator.cpp">
      <Filter>contrib\nv_helpers_dx12</Filter>
    </ClCompile>
    <ClCompile Include="private\rt64_denoiser.cpp">
      <Filter>private</Filter>
    </ClCompile>
    <ClCompile Include="private\rt64_shader.cpp">
      <Filter>private</Filter>
    </ClCompile>
  </ItemGroup>
  <ItemGroup>
    <None Include="shaders\GlobalParams.hlsli">
      <Filter>shaders\Includes</Filter>
    </None>
    <None Include="shaders\GlobalBuffers.hlsli">
      <Filter>shaders\Includes</Filter>
    </None>
    <None Include="shaders\GlobalHitBuffers.hlsli">
      <Filter>shaders\Includes</Filter>
    </None>
    <None Include="shaders\Instances.hlsli">
      <Filter>shaders\Includes</Filter>
    </None>
    <None Include="shaders\Lights.hlsli">
      <Filter>shaders\Includes</Filter>
    </None>
    <None Include="shaders\Materials.hlsli">
      <Filter>shaders\Includes</Filter>
    </None>
    <None Include="shaders\Ray.hlsli">
      <Filter>shaders\Includes</Filter>
    </None>
    <None Include="shaders\Im3DCommon.hlsli">
      <Filter>shaders\Includes</Filter>
    </None>
    <None Include="shaders\Random.hlsli">
      <Filter>shaders\Includes</Filter>
    </None>
    <None Include="shaders\Textures.hlsli">
      <Filter>shaders\Includes</Filter>
    </None>
    <None Include="shaders\Constants.hlsli">
      <Filter>shaders\Includes</Filter>
    </None>
    <None Include="shaders\Color.hlsli">
      <Filter>shaders\Includes</Filter>
    </None>
    <None Include="shaders\SkyPlaneUV.hlsli">
      <Filter>shaders\Includes</Filter>
    </None>
  </ItemGroup>
  <ItemGroup>
    <CustomBuild Include="shaders\Tracer.hlsl">
      <Filter>shaders</Filter>
    </CustomBuild>
    <CustomBuild Include="shaders\Im3DPS.hlsl">
      <Filter>shaders</Filter>
    </CustomBuild>
    <CustomBuild Include="shaders\Im3DVS.hlsl">
      <Filter>shaders</Filter>
    </CustomBuild>
    <CustomBuild Include="shaders\Im3DGSLines.hlsl">
      <Filter>shaders</Filter>
    </CustomBuild>
    <CustomBuild Include="shaders\Im3DGSPoints.hlsl">
      <Filter>shaders</Filter>
    </CustomBuild>
    <CustomBuild Include="shaders\ComposePS.hlsl">
      <Filter>shaders</Filter>
    </CustomBuild>
    <CustomBuild Include="shaders\FullScreenVS.hlsl">
      <Filter>shaders</Filter>
    </CustomBuild>
    <CustomBuild Include="shaders\DebugMotionVectorsPS.hlsl">
      <Filter>shaders</Filter>
    </CustomBuild>
  </ItemGroup>
</Project>